// !$*UTF8*$!
{
	archiveVersion = 1;
	classes = {
	};
	objectVersion = 50;
	objects = {

/* Begin PBXBuildFile section */
		930460CB25DDAD0200B7F967 /* GymData.swift in Sources */ = {isa = PBXBuildFile; fileRef = 930460CA25DDAD0200B7F967 /* GymData.swift */; };
		93483B8025C08E29008789E3 /* Location.swift in Sources */ = {isa = PBXBuildFile; fileRef = 93483B7F25C08E29008789E3 /* Location.swift */; };
		93483B8525C08E43008789E3 /* MapView.swift in Sources */ = {isa = PBXBuildFile; fileRef = 93483B8425C08E43008789E3 /* MapView.swift */; };
		9373FAC725C67CBC00AC61C5 /* LoginView.swift in Sources */ = {isa = PBXBuildFile; fileRef = 9373FAC625C67CBC00AC61C5 /* LoginView.swift */; };
		9373FACF25C682C900AC61C5 /* SignupView.swift in Sources */ = {isa = PBXBuildFile; fileRef = 9373FACE25C682C900AC61C5 /* SignupView.swift */; };
		9383D32925C73625008C7991 /* UserData.swift in Sources */ = {isa = PBXBuildFile; fileRef = 9383D32825C73625008C7991 /* UserData.swift */; };
		938B37F125BA387600395BE2 /* FoodData.swift in Sources */ = {isa = PBXBuildFile; fileRef = 938B37F025BA387600395BE2 /* FoodData.swift */; };
		938B37F625BA38DE00395BE2 /* FoodView.swift in Sources */ = {isa = PBXBuildFile; fileRef = 938B37F525BA38DE00395BE2 /* FoodView.swift */; };
		93C37B3B25BCC86F00D8FB29 /* PassVariables.swift in Sources */ = {isa = PBXBuildFile; fileRef = 93C37B3A25BCC86F00D8FB29 /* PassVariables.swift */; };
		93C73A0925DD7AB70054F910 /* SettingData.swift in Sources */ = {isa = PBXBuildFile; fileRef = 93C73A0825DD7AB70054F910 /* SettingData.swift */; };
		93C9F91C25C1C34D009B7394 /* SettingView.swift in Sources */ = {isa = PBXBuildFile; fileRef = 93C9F91B25C1C34D009B7394 /* SettingView.swift */; };
		93D381B725B8EA3000BA98AC /* AppDelegate.swift in Sources */ = {isa = PBXBuildFile; fileRef = 93D381B625B8EA3000BA98AC /* AppDelegate.swift */; };
		93D381B925B8EA3000BA98AC /* SceneDelegate.swift in Sources */ = {isa = PBXBuildFile; fileRef = 93D381B825B8EA3000BA98AC /* SceneDelegate.swift */; };
		93D381BB25B8EA3000BA98AC /* ContentView.swift in Sources */ = {isa = PBXBuildFile; fileRef = 93D381BA25B8EA3000BA98AC /* ContentView.swift */; };
		93D381BE25B8EA3000BA98AC /* StudentApp.xcdatamodeld in Sources */ = {isa = PBXBuildFile; fileRef = 93D381BC25B8EA3000BA98AC /* StudentApp.xcdatamodeld */; };
		93D381C025B8EA3000BA98AC /* Assets.xcassets in Resources */ = {isa = PBXBuildFile; fileRef = 93D381BF25B8EA3000BA98AC /* Assets.xcassets */; };
		93D381C325B8EA3000BA98AC /* Preview Assets.xcassets in Resources */ = {isa = PBXBuildFile; fileRef = 93D381C225B8EA3000BA98AC /* Preview Assets.xcassets */; };
		93D381C625B8EA3000BA98AC /* LaunchScreen.storyboard in Resources */ = {isa = PBXBuildFile; fileRef = 93D381C425B8EA3000BA98AC /* LaunchScreen.storyboard */; };
		93D381D125B8EA3100BA98AC /* StudentAppTests.swift in Sources */ = {isa = PBXBuildFile; fileRef = 93D381D025B8EA3100BA98AC /* StudentAppTests.swift */; };
		93D381DC25B8EA3100BA98AC /* StudentAppUITests.swift in Sources */ = {isa = PBXBuildFile; fileRef = 93D381DB25B8EA3100BA98AC /* StudentAppUITests.swift */; };
		93D381ED25B8EA7C00BA98AC /* GeocodingData.swift in Sources */ = {isa = PBXBuildFile; fileRef = 93D381EC25B8EA7C00BA98AC /* GeocodingData.swift */; };
		93D381F725B8EAA200BA98AC /* WeatherData.swift in Sources */ = {isa = PBXBuildFile; fileRef = 93D381F625B8EAA200BA98AC /* WeatherData.swift */; };
		93D381FC25B8EAAB00BA98AC /* WeatherView.swift in Sources */ = {isa = PBXBuildFile; fileRef = 93D381FB25B8EAAB00BA98AC /* WeatherView.swift */; };
		93DD940E25DB124A00AAAEE3 /* GymView.swift in Sources */ = {isa = PBXBuildFile; fileRef = 93DD940D25DB124A00AAAEE3 /* GymView.swift */; };
/* End PBXBuildFile section */

/* Begin PBXContainerItemProxy section */
		93D381CD25B8EA3100BA98AC /* PBXContainerItemProxy */ = {
			isa = PBXContainerItemProxy;
			containerPortal = 93D381AB25B8EA3000BA98AC /* Project object */;
			proxyType = 1;
			remoteGlobalIDString = 93D381B225B8EA3000BA98AC;
			remoteInfo = StudentApp;
		};
		93D381D825B8EA3100BA98AC /* PBXContainerItemProxy */ = {
			isa = PBXContainerItemProxy;
			containerPortal = 93D381AB25B8EA3000BA98AC /* Project object */;
			proxyType = 1;
			remoteGlobalIDString = 93D381B225B8EA3000BA98AC;
			remoteInfo = StudentApp;
		};
/* End PBXContainerItemProxy section */

/* Begin PBXFileReference section */
		930460CA25DDAD0200B7F967 /* GymData.swift */ = {isa = PBXFileReference; lastKnownFileType = sourcecode.swift; path = GymData.swift; sourceTree = "<group>"; };
		93483B7F25C08E29008789E3 /* Location.swift */ = {isa = PBXFileReference; lastKnownFileType = sourcecode.swift; path = Location.swift; sourceTree = "<group>"; };
		93483B8425C08E43008789E3 /* MapView.swift */ = {isa = PBXFileReference; lastKnownFileType = sourcecode.swift; path = MapView.swift; sourceTree = "<group>"; };
		9373FAC625C67CBC00AC61C5 /* LoginView.swift */ = {isa = PBXFileReference; lastKnownFileType = sourcecode.swift; path = LoginView.swift; sourceTree = "<group>"; };
		9373FACE25C682C900AC61C5 /* SignupView.swift */ = {isa = PBXFileReference; lastKnownFileType = sourcecode.swift; path = SignupView.swift; sourceTree = "<group>"; };
		9383D32825C73625008C7991 /* UserData.swift */ = {isa = PBXFileReference; lastKnownFileType = sourcecode.swift; path = UserData.swift; sourceTree = "<group>"; };
		938B37F025BA387600395BE2 /* FoodData.swift */ = {isa = PBXFileReference; lastKnownFileType = sourcecode.swift; path = FoodData.swift; sourceTree = "<group>"; };
		938B37F525BA38DE00395BE2 /* FoodView.swift */ = {isa = PBXFileReference; lastKnownFileType = sourcecode.swift; path = FoodView.swift; sourceTree = "<group>"; };
		93C37B3A25BCC86F00D8FB29 /* PassVariables.swift */ = {isa = PBXFileReference; lastKnownFileType = sourcecode.swift; path = PassVariables.swift; sourceTree = "<group>"; };
		93C73A0825DD7AB70054F910 /* SettingData.swift */ = {isa = PBXFileReference; lastKnownFileType = sourcecode.swift; path = SettingData.swift; sourceTree = "<group>"; };
		93C9F91B25C1C34D009B7394 /* SettingView.swift */ = {isa = PBXFileReference; lastKnownFileType = sourcecode.swift; path = SettingView.swift; sourceTree = "<group>"; };
		93D381B325B8EA3000BA98AC /* StudentApp.app */ = {isa = PBXFileReference; explicitFileType = wrapper.application; includeInIndex = 0; path = StudentApp.app; sourceTree = BUILT_PRODUCTS_DIR; };
		93D381B625B8EA3000BA98AC /* AppDelegate.swift */ = {isa = PBXFileReference; lastKnownFileType = sourcecode.swift; path = AppDelegate.swift; sourceTree = "<group>"; };
		93D381B825B8EA3000BA98AC /* SceneDelegate.swift */ = {isa = PBXFileReference; lastKnownFileType = sourcecode.swift; path = SceneDelegate.swift; sourceTree = "<group>"; };
		93D381BA25B8EA3000BA98AC /* ContentView.swift */ = {isa = PBXFileReference; lastKnownFileType = sourcecode.swift; path = ContentView.swift; sourceTree = "<group>"; };
		93D381BD25B8EA3000BA98AC /* StudentApp.xcdatamodel */ = {isa = PBXFileReference; lastKnownFileType = wrapper.xcdatamodel; path = StudentApp.xcdatamodel; sourceTree = "<group>"; };
		93D381BF25B8EA3000BA98AC /* Assets.xcassets */ = {isa = PBXFileReference; lastKnownFileType = folder.assetcatalog; path = Assets.xcassets; sourceTree = "<group>"; };
		93D381C225B8EA3000BA98AC /* Preview Assets.xcassets */ = {isa = PBXFileReference; lastKnownFileType = folder.assetcatalog; path = "Preview Assets.xcassets"; sourceTree = "<group>"; };
		93D381C525B8EA3000BA98AC /* Base */ = {isa = PBXFileReference; lastKnownFileType = file.storyboard; name = Base; path = Base.lproj/LaunchScreen.storyboard; sourceTree = "<group>"; };
		93D381C725B8EA3000BA98AC /* Info.plist */ = {isa = PBXFileReference; lastKnownFileType = text.plist.xml; path = Info.plist; sourceTree = "<group>"; };
		93D381CC25B8EA3100BA98AC /* StudentAppTests.xctest */ = {isa = PBXFileReference; explicitFileType = wrapper.cfbundle; includeInIndex = 0; path = StudentAppTests.xctest; sourceTree = BUILT_PRODUCTS_DIR; };
		93D381D025B8EA3100BA98AC /* StudentAppTests.swift */ = {isa = PBXFileReference; lastKnownFileType = sourcecode.swift; path = StudentAppTests.swift; sourceTree = "<group>"; };
		93D381D225B8EA3100BA98AC /* Info.plist */ = {isa = PBXFileReference; lastKnownFileType = text.plist.xml; path = Info.plist; sourceTree = "<group>"; };
		93D381D725B8EA3100BA98AC /* StudentAppUITests.xctest */ = {isa = PBXFileReference; explicitFileType = wrapper.cfbundle; includeInIndex = 0; path = StudentAppUITests.xctest; sourceTree = BUILT_PRODUCTS_DIR; };
		93D381DB25B8EA3100BA98AC /* StudentAppUITests.swift */ = {isa = PBXFileReference; lastKnownFileType = sourcecode.swift; path = StudentAppUITests.swift; sourceTree = "<group>"; };
		93D381DD25B8EA3100BA98AC /* Info.plist */ = {isa = PBXFileReference; lastKnownFileType = text.plist.xml; path = Info.plist; sourceTree = "<group>"; };
		93D381EC25B8EA7C00BA98AC /* GeocodingData.swift */ = {isa = PBXFileReference; lastKnownFileType = sourcecode.swift; path = GeocodingData.swift; sourceTree = "<group>"; };
		93D381F625B8EAA200BA98AC /* WeatherData.swift */ = {isa = PBXFileReference; lastKnownFileType = sourcecode.swift; path = WeatherData.swift; sourceTree = "<group>"; };
		93D381FB25B8EAAB00BA98AC /* WeatherView.swift */ = {isa = PBXFileReference; lastKnownFileType = sourcecode.swift; path = WeatherView.swift; sourceTree = "<group>"; };
		93DD940D25DB124A00AAAEE3 /* GymView.swift */ = {isa = PBXFileReference; lastKnownFileType = sourcecode.swift; path = GymView.swift; sourceTree = "<group>"; };
/* End PBXFileReference section */

/* Begin PBXFrameworksBuildPhase section */
		93D381B025B8EA3000BA98AC /* Frameworks */ = {
			isa = PBXFrameworksBuildPhase;
			buildActionMask = 2147483647;
			files = (
			);
			runOnlyForDeploymentPostprocessing = 0;
		};
		93D381C925B8EA3100BA98AC /* Frameworks */ = {
			isa = PBXFrameworksBuildPhase;
			buildActionMask = 2147483647;
			files = (
			);
			runOnlyForDeploymentPostprocessing = 0;
		};
		93D381D425B8EA3100BA98AC /* Frameworks */ = {
			isa = PBXFrameworksBuildPhase;
			buildActionMask = 2147483647;
			files = (
			);
			runOnlyForDeploymentPostprocessing = 0;
		};
/* End PBXFrameworksBuildPhase section */

/* Begin PBXGroup section */
		932DE79E25D2F7920005B5FA /* Helper */ = {
			isa = PBXGroup;
			children = (
				938B37F025BA387600395BE2 /* FoodData.swift */,
				93D381EC25B8EA7C00BA98AC /* GeocodingData.swift */,
				930460CA25DDAD0200B7F967 /* GymData.swift */,
				93483B7F25C08E29008789E3 /* Location.swift */,
				93C37B3A25BCC86F00D8FB29 /* PassVariables.swift */,
				93C73A0825DD7AB70054F910 /* SettingData.swift */,
				9383D32825C73625008C7991 /* UserData.swift */,
				93D381F625B8EAA200BA98AC /* WeatherData.swift */,
			);
			path = Helper;
			sourceTree = "<group>";
		};
		932DE7A425D2F8B20005B5FA /* Screens */ = {
			isa = PBXGroup;
			children = (
				938B37F525BA38DE00395BE2 /* FoodView.swift */,
				93DD940D25DB124A00AAAEE3 /* GymView.swift */,
				9373FAC625C67CBC00AC61C5 /* LoginView.swift */,
				93483B8425C08E43008789E3 /* MapView.swift */,
				93C9F91B25C1C34D009B7394 /* SettingView.swift */,
				93D381FB25B8EAAB00BA98AC /* WeatherView.swift */,
				9373FACE25C682C900AC61C5 /* SignupView.swift */,
			);
			path = Screens;
			sourceTree = "<group>";
		};
		93D381AA25B8EA3000BA98AC = {
			isa = PBXGroup;
			children = (
				93D381B525B8EA3000BA98AC /* StudentApp */,
				93D381CF25B8EA3100BA98AC /* StudentAppTests */,
				93D381DA25B8EA3100BA98AC /* StudentAppUITests */,
				93D381B425B8EA3000BA98AC /* Products */,
			);
			sourceTree = "<group>";
		};
		93D381B425B8EA3000BA98AC /* Products */ = {
			isa = PBXGroup;
			children = (
				93D381B325B8EA3000BA98AC /* StudentApp.app */,
				93D381CC25B8EA3100BA98AC /* StudentAppTests.xctest */,
				93D381D725B8EA3100BA98AC /* StudentAppUITests.xctest */,
			);
			name = Products;
			sourceTree = "<group>";
		};
		93D381B525B8EA3000BA98AC /* StudentApp */ = {
			isa = PBXGroup;
			children = (
				932DE7A425D2F8B20005B5FA /* Screens */,
				932DE79E25D2F7920005B5FA /* Helper */,
				93D381B625B8EA3000BA98AC /* AppDelegate.swift */,
				93D381B825B8EA3000BA98AC /* SceneDelegate.swift */,
				93D381BA25B8EA3000BA98AC /* ContentView.swift */,
				93D381BF25B8EA3000BA98AC /* Assets.xcassets */,
				93D381C425B8EA3000BA98AC /* LaunchScreen.storyboard */,
				93D381C725B8EA3000BA98AC /* Info.plist */,
				93D381BC25B8EA3000BA98AC /* StudentApp.xcdatamodeld */,
				93D381C125B8EA3000BA98AC /* Preview Content */,
			);
			path = StudentApp;
			sourceTree = "<group>";
		};
		93D381C125B8EA3000BA98AC /* Preview Content */ = {
			isa = PBXGroup;
			children = (
				93D381C225B8EA3000BA98AC /* Preview Assets.xcassets */,
			);
			path = "Preview Content";
			sourceTree = "<group>";
		};
		93D381CF25B8EA3100BA98AC /* StudentAppTests */ = {
			isa = PBXGroup;
			children = (
				93D381D025B8EA3100BA98AC /* StudentAppTests.swift */,
				93D381D225B8EA3100BA98AC /* Info.plist */,
			);
			path = StudentAppTests;
			sourceTree = "<group>";
		};
		93D381DA25B8EA3100BA98AC /* StudentAppUITests */ = {
			isa = PBXGroup;
			children = (
				93D381DB25B8EA3100BA98AC /* StudentAppUITests.swift */,
				93D381DD25B8EA3100BA98AC /* Info.plist */,
			);
			path = StudentAppUITests;
			sourceTree = "<group>";
		};
/* End PBXGroup section */

/* Begin PBXNativeTarget section */
		93D381B225B8EA3000BA98AC /* StudentApp */ = {
			isa = PBXNativeTarget;
			buildConfigurationList = 93D381E025B8EA3100BA98AC /* Build configuration list for PBXNativeTarget "StudentApp" */;
			buildPhases = (
				93D381AF25B8EA3000BA98AC /* Sources */,
				93D381B025B8EA3000BA98AC /* Frameworks */,
				93D381B125B8EA3000BA98AC /* Resources */,
			);
			buildRules = (
			);
			dependencies = (
			);
			name = StudentApp;
			productName = StudentApp;
			productReference = 93D381B325B8EA3000BA98AC /* StudentApp.app */;
			productType = "com.apple.product-type.application";
		};
		93D381CB25B8EA3100BA98AC /* StudentAppTests */ = {
			isa = PBXNativeTarget;
			buildConfigurationList = 93D381E325B8EA3100BA98AC /* Build configuration list for PBXNativeTarget "StudentAppTests" */;
			buildPhases = (
				93D381C825B8EA3100BA98AC /* Sources */,
				93D381C925B8EA3100BA98AC /* Frameworks */,
				93D381CA25B8EA3100BA98AC /* Resources */,
			);
			buildRules = (
			);
			dependencies = (
				93D381CE25B8EA3100BA98AC /* PBXTargetDependency */,
			);
			name = StudentAppTests;
			productName = StudentAppTests;
			productReference = 93D381CC25B8EA3100BA98AC /* StudentAppTests.xctest */;
			productType = "com.apple.product-type.bundle.unit-test";
		};
		93D381D625B8EA3100BA98AC /* StudentAppUITests */ = {
			isa = PBXNativeTarget;
			buildConfigurationList = 93D381E625B8EA3100BA98AC /* Build configuration list for PBXNativeTarget "StudentAppUITests" */;
			buildPhases = (
				93D381D325B8EA3100BA98AC /* Sources */,
				93D381D425B8EA3100BA98AC /* Frameworks */,
				93D381D525B8EA3100BA98AC /* Resources */,
			);
			buildRules = (
			);
			dependencies = (
				93D381D925B8EA3100BA98AC /* PBXTargetDependency */,
			);
			name = StudentAppUITests;
			productName = StudentAppUITests;
			productReference = 93D381D725B8EA3100BA98AC /* StudentAppUITests.xctest */;
			productType = "com.apple.product-type.bundle.ui-testing";
		};
/* End PBXNativeTarget section */

/* Begin PBXProject section */
		93D381AB25B8EA3000BA98AC /* Project object */ = {
			isa = PBXProject;
			attributes = {
				LastSwiftUpdateCheck = 1230;
				LastUpgradeCheck = 1230;
				TargetAttributes = {
					93D381B225B8EA3000BA98AC = {
						CreatedOnToolsVersion = 12.3;
					};
					93D381CB25B8EA3100BA98AC = {
						CreatedOnToolsVersion = 12.3;
						TestTargetID = 93D381B225B8EA3000BA98AC;
					};
					93D381D625B8EA3100BA98AC = {
						CreatedOnToolsVersion = 12.3;
						TestTargetID = 93D381B225B8EA3000BA98AC;
					};
				};
			};
			buildConfigurationList = 93D381AE25B8EA3000BA98AC /* Build configuration list for PBXProject "StudentApp" */;
			compatibilityVersion = "Xcode 9.3";
			developmentRegion = en;
			hasScannedForEncodings = 0;
			knownRegions = (
				en,
				Base,
			);
			mainGroup = 93D381AA25B8EA3000BA98AC;
			productRefGroup = 93D381B425B8EA3000BA98AC /* Products */;
			projectDirPath = "";
			projectRoot = "";
			targets = (
				93D381B225B8EA3000BA98AC /* StudentApp */,
				93D381CB25B8EA3100BA98AC /* StudentAppTests */,
				93D381D625B8EA3100BA98AC /* StudentAppUITests */,
			);
		};
/* End PBXProject section */

/* Begin PBXResourcesBuildPhase section */
		93D381B125B8EA3000BA98AC /* Resources */ = {
			isa = PBXResourcesBuildPhase;
			buildActionMask = 2147483647;
			files = (
				93D381C625B8EA3000BA98AC /* LaunchScreen.storyboard in Resources */,
				93D381C325B8EA3000BA98AC /* Preview Assets.xcassets in Resources */,
				93D381C025B8EA3000BA98AC /* Assets.xcassets in Resources */,
			);
			runOnlyForDeploymentPostprocessing = 0;
		};
		93D381CA25B8EA3100BA98AC /* Resources */ = {
			isa = PBXResourcesBuildPhase;
			buildActionMask = 2147483647;
			files = (
			);
			runOnlyForDeploymentPostprocessing = 0;
		};
		93D381D525B8EA3100BA98AC /* Resources */ = {
			isa = PBXResourcesBuildPhase;
			buildActionMask = 2147483647;
			files = (
			);
			runOnlyForDeploymentPostprocessing = 0;
		};
/* End PBXResourcesBuildPhase section */

/* Begin PBXSourcesBuildPhase section */
		93D381AF25B8EA3000BA98AC /* Sources */ = {
			isa = PBXSourcesBuildPhase;
			buildActionMask = 2147483647;
			files = (
				93C37B3B25BCC86F00D8FB29 /* PassVariables.swift in Sources */,
				93D381B725B8EA3000BA98AC /* AppDelegate.swift in Sources */,
				93D381B925B8EA3000BA98AC /* SceneDelegate.swift in Sources */,
				9373FAC725C67CBC00AC61C5 /* LoginView.swift in Sources */,
				93C73A0925DD7AB70054F910 /* SettingData.swift in Sources */,
				93D381F725B8EAA200BA98AC /* WeatherData.swift in Sources */,
				93483B8525C08E43008789E3 /* MapView.swift in Sources */,
				938B37F125BA387600395BE2 /* FoodData.swift in Sources */,
				93D381BB25B8EA3000BA98AC /* ContentView.swift in Sources */,
				930460CB25DDAD0200B7F967 /* GymData.swift in Sources */,
				93D381BE25B8EA3000BA98AC /* StudentApp.xcdatamodeld in Sources */,
				93C9F91C25C1C34D009B7394 /* SettingView.swift in Sources */,
				938B37F625BA38DE00395BE2 /* FoodView.swift in Sources */,
				93DD940E25DB124A00AAAEE3 /* GymView.swift in Sources */,
				9373FACF25C682C900AC61C5 /* SignupView.swift in Sources */,
				9383D32925C73625008C7991 /* UserData.swift in Sources */,
				93D381ED25B8EA7C00BA98AC /* GeocodingData.swift in Sources */,
				93483B8025C08E29008789E3 /* Location.swift in Sources */,
				93D381FC25B8EAAB00BA98AC /* WeatherView.swift in Sources */,
			);
			runOnlyForDeploymentPostprocessing = 0;
		};
		93D381C825B8EA3100BA98AC /* Sources */ = {
			isa = PBXSourcesBuildPhase;
			buildActionMask = 2147483647;
			files = (
				93D381D125B8EA3100BA98AC /* StudentAppTests.swift in Sources */,
			);
			runOnlyForDeploymentPostprocessing = 0;
		};
		93D381D325B8EA3100BA98AC /* Sources */ = {
			isa = PBXSourcesBuildPhase;
			buildActionMask = 2147483647;
			files = (
				93D381DC25B8EA3100BA98AC /* StudentAppUITests.swift in Sources */,
			);
			runOnlyForDeploymentPostprocessing = 0;
		};
/* End PBXSourcesBuildPhase section */

/* Begin PBXTargetDependency section */
		93D381CE25B8EA3100BA98AC /* PBXTargetDependency */ = {
			isa = PBXTargetDependency;
			target = 93D381B225B8EA3000BA98AC /* StudentApp */;
			targetProxy = 93D381CD25B8EA3100BA98AC /* PBXContainerItemProxy */;
		};
		93D381D925B8EA3100BA98AC /* PBXTargetDependency */ = {
			isa = PBXTargetDependency;
			target = 93D381B225B8EA3000BA98AC /* StudentApp */;
			targetProxy = 93D381D825B8EA3100BA98AC /* PBXContainerItemProxy */;
		};
/* End PBXTargetDependency section */

/* Begin PBXVariantGroup section */
		93D381C425B8EA3000BA98AC /* LaunchScreen.storyboard */ = {
			isa = PBXVariantGroup;
			children = (
				93D381C525B8EA3000BA98AC /* Base */,
			);
			name = LaunchScreen.storyboard;
			sourceTree = "<group>";
		};
/* End PBXVariantGroup section */

/* Begin XCBuildConfiguration section */
		93D381DE25B8EA3100BA98AC /* Debug */ = {
			isa = XCBuildConfiguration;
			buildSettings = {
				ALWAYS_SEARCH_USER_PATHS = NO;
				CLANG_ANALYZER_NONNULL = YES;
				CLANG_ANALYZER_NUMBER_OBJECT_CONVERSION = YES_AGGRESSIVE;
				CLANG_CXX_LANGUAGE_STANDARD = "gnu++14";
				CLANG_CXX_LIBRARY = "libc++";
				CLANG_ENABLE_MODULES = YES;
				CLANG_ENABLE_OBJC_ARC = YES;
				CLANG_ENABLE_OBJC_WEAK = YES;
				CLANG_WARN_BLOCK_CAPTURE_AUTORELEASING = YES;
				CLANG_WARN_BOOL_CONVERSION = YES;
				CLANG_WARN_COMMA = YES;
				CLANG_WARN_CONSTANT_CONVERSION = YES;
				CLANG_WARN_DEPRECATED_OBJC_IMPLEMENTATIONS = YES;
				CLANG_WARN_DIRECT_OBJC_ISA_USAGE = YES_ERROR;
				CLANG_WARN_DOCUMENTATION_COMMENTS = YES;
				CLANG_WARN_EMPTY_BODY = YES;
				CLANG_WARN_ENUM_CONVERSION = YES;
				CLANG_WARN_INFINITE_RECURSION = YES;
				CLANG_WARN_INT_CONVERSION = YES;
				CLANG_WARN_NON_LITERAL_NULL_CONVERSION = YES;
				CLANG_WARN_OBJC_IMPLICIT_RETAIN_SELF = YES;
				CLANG_WARN_OBJC_LITERAL_CONVERSION = YES;
				CLANG_WARN_OBJC_ROOT_CLASS = YES_ERROR;
				CLANG_WARN_QUOTED_INCLUDE_IN_FRAMEWORK_HEADER = YES;
				CLANG_WARN_RANGE_LOOP_ANALYSIS = YES;
				CLANG_WARN_STRICT_PROTOTYPES = YES;
				CLANG_WARN_SUSPICIOUS_MOVE = YES;
				CLANG_WARN_UNGUARDED_AVAILABILITY = YES_AGGRESSIVE;
				CLANG_WARN_UNREACHABLE_CODE = YES;
				CLANG_WARN__DUPLICATE_METHOD_MATCH = YES;
				COPY_PHASE_STRIP = NO;
				DEBUG_INFORMATION_FORMAT = dwarf;
				ENABLE_STRICT_OBJC_MSGSEND = YES;
				ENABLE_TESTABILITY = YES;
				GCC_C_LANGUAGE_STANDARD = gnu11;
				GCC_DYNAMIC_NO_PIC = NO;
				GCC_NO_COMMON_BLOCKS = YES;
				GCC_OPTIMIZATION_LEVEL = 0;
				GCC_PREPROCESSOR_DEFINITIONS = (
					"DEBUG=1",
					"$(inherited)",
				);
				GCC_WARN_64_TO_32_BIT_CONVERSION = YES;
				GCC_WARN_ABOUT_RETURN_TYPE = YES_ERROR;
				GCC_WARN_UNDECLARED_SELECTOR = YES;
				GCC_WARN_UNINITIALIZED_AUTOS = YES_AGGRESSIVE;
				GCC_WARN_UNUSED_FUNCTION = YES;
				GCC_WARN_UNUSED_VARIABLE = YES;
				IPHONEOS_DEPLOYMENT_TARGET = 14.3;
				MTL_ENABLE_DEBUG_INFO = INCLUDE_SOURCE;
				MTL_FAST_MATH = YES;
				ONLY_ACTIVE_ARCH = YES;
				SDKROOT = iphoneos;
				SWIFT_ACTIVE_COMPILATION_CONDITIONS = DEBUG;
				SWIFT_OPTIMIZATION_LEVEL = "-Onone";
			};
			name = Debug;
		};
		93D381DF25B8EA3100BA98AC /* Release */ = {
			isa = XCBuildConfiguration;
			buildSettings = {
				ALWAYS_SEARCH_USER_PATHS = NO;
				CLANG_ANALYZER_NONNULL = YES;
				CLANG_ANALYZER_NUMBER_OBJECT_CONVERSION = YES_AGGRESSIVE;
				CLANG_CXX_LANGUAGE_STANDARD = "gnu++14";
				CLANG_CXX_LIBRARY = "libc++";
				CLANG_ENABLE_MODULES = YES;
				CLANG_ENABLE_OBJC_ARC = YES;
				CLANG_ENABLE_OBJC_WEAK = YES;
				CLANG_WARN_BLOCK_CAPTURE_AUTORELEASING = YES;
				CLANG_WARN_BOOL_CONVERSION = YES;
				CLANG_WARN_COMMA = YES;
				CLANG_WARN_CONSTANT_CONVERSION = YES;
				CLANG_WARN_DEPRECATED_OBJC_IMPLEMENTATIONS = YES;
				CLANG_WARN_DIRECT_OBJC_ISA_USAGE = YES_ERROR;
				CLANG_WARN_DOCUMENTATION_COMMENTS = YES;
				CLANG_WARN_EMPTY_BODY = YES;
				CLANG_WARN_ENUM_CONVERSION = YES;
				CLANG_WARN_INFINITE_RECURSION = YES;
				CLANG_WARN_INT_CONVERSION = YES;
				CLANG_WARN_NON_LITERAL_NULL_CONVERSION = YES;
				CLANG_WARN_OBJC_IMPLICIT_RETAIN_SELF = YES;
				CLANG_WARN_OBJC_LITERAL_CONVERSION = YES;
				CLANG_WARN_OBJC_ROOT_CLASS = YES_ERROR;
				CLANG_WARN_QUOTED_INCLUDE_IN_FRAMEWORK_HEADER = YES;
				CLANG_WARN_RANGE_LOOP_ANALYSIS = YES;
				CLANG_WARN_STRICT_PROTOTYPES = YES;
				CLANG_WARN_SUSPICIOUS_MOVE = YES;
				CLANG_WARN_UNGUARDED_AVAILABILITY = YES_AGGRESSIVE;
				CLANG_WARN_UNREACHABLE_CODE = YES;
				CLANG_WARN__DUPLICATE_METHOD_MATCH = YES;
				COPY_PHASE_STRIP = NO;
				DEBUG_INFORMATION_FORMAT = "dwarf-with-dsym";
				ENABLE_NS_ASSERTIONS = NO;
				ENABLE_STRICT_OBJC_MSGSEND = YES;
				GCC_C_LANGUAGE_STANDARD = gnu11;
				GCC_NO_COMMON_BLOCKS = YES;
				GCC_WARN_64_TO_32_BIT_CONVERSION = YES;
				GCC_WARN_ABOUT_RETURN_TYPE = YES_ERROR;
				GCC_WARN_UNDECLARED_SELECTOR = YES;
				GCC_WARN_UNINITIALIZED_AUTOS = YES_AGGRESSIVE;
				GCC_WARN_UNUSED_FUNCTION = YES;
				GCC_WARN_UNUSED_VARIABLE = YES;
				IPHONEOS_DEPLOYMENT_TARGET = 14.3;
				MTL_ENABLE_DEBUG_INFO = NO;
				MTL_FAST_MATH = YES;
				SDKROOT = iphoneos;
				SWIFT_COMPILATION_MODE = wholemodule;
				SWIFT_OPTIMIZATION_LEVEL = "-O";
				VALIDATE_PRODUCT = YES;
			};
			name = Release;
		};
		93D381E125B8EA3100BA98AC /* Debug */ = {
			isa = XCBuildConfiguration;
			buildSettings = {
				ASSETCATALOG_COMPILER_APPICON_NAME = AppIcon;
				ASSETCATALOG_COMPILER_GLOBAL_ACCENT_COLOR_NAME = AccentColor;
				CODE_SIGN_STYLE = Automatic;
				DEVELOPMENT_ASSET_PATHS = "\"StudentApp/Preview Content\"";
				DEVELOPMENT_TEAM = SSWPD3GCN6;
				ENABLE_PREVIEWS = YES;
				INFOPLIST_FILE = StudentApp/Info.plist;
				LD_RUNPATH_SEARCH_PATHS = (
					"$(inherited)",
					"@executable_path/Frameworks",
				);
				PRODUCT_BUNDLE_IDENTIFIER = com.jonathanpangg.StudentApp;
				PRODUCT_NAME = "$(TARGET_NAME)";
				SWIFT_VERSION = 5.0;
				TARGETED_DEVICE_FAMILY = "1,2";
			};
			name = Debug;
		};
		93D381E225B8EA3100BA98AC /* Release */ = {
			isa = XCBuildConfiguration;
			buildSettings = {
				ASSETCATALOG_COMPILER_APPICON_NAME = AppIcon;
				ASSETCATALOG_COMPILER_GLOBAL_ACCENT_COLOR_NAME = AccentColor;
				CODE_SIGN_STYLE = Automatic;
				DEVELOPMENT_ASSET_PATHS = "\"StudentApp/Preview Content\"";
				DEVELOPMENT_TEAM = SSWPD3GCN6;
				ENABLE_PREVIEWS = YES;
				INFOPLIST_FILE = StudentApp/Info.plist;
				LD_RUNPATH_SEARCH_PATHS = (
					"$(inherited)",
					"@executable_path/Frameworks",
				);
				PRODUCT_BUNDLE_IDENTIFIER = com.jonathanpangg.StudentApp;
				PRODUCT_NAME = "$(TARGET_NAME)";
				SWIFT_VERSION = 5.0;
				TARGETED_DEVICE_FAMILY = "1,2";
			};
			name = Release;
		};
		93D381E425B8EA3100BA98AC /* Debug */ = {
			isa = XCBuildConfiguration;
			buildSettings = {
				ALWAYS_EMBED_SWIFT_STANDARD_LIBRARIES = YES;
				BUNDLE_LOADER = "$(TEST_HOST)";
				CODE_SIGN_STYLE = Automatic;
				DEVELOPMENT_TEAM = SSWPD3GCN6;
				INFOPLIST_FILE = StudentAppTests/Info.plist;
				IPHONEOS_DEPLOYMENT_TARGET = 14.3;
				LD_RUNPATH_SEARCH_PATHS = (
					"$(inherited)",
					"@executable_path/Frameworks",
					"@loader_path/Frameworks",
				);
				PRODUCT_BUNDLE_IDENTIFIER = com.jonathanpangg.StudentAppTests;
				PRODUCT_NAME = "$(TARGET_NAME)";
				SWIFT_VERSION = 5.0;
				TARGETED_DEVICE_FAMILY = "1,2";
				TEST_HOST = "$(BUILT_PRODUCTS_DIR)/StudentApp.app/StudentApp";
			};
			name = Debug;
		};
		93D381E525B8EA3100BA98AC /* Release */ = {
			isa = XCBuildConfiguration;
			buildSettings = {
				ALWAYS_EMBED_SWIFT_STANDARD_LIBRARIES = YES;
				BUNDLE_LOADER = "$(TEST_HOST)";
				CODE_SIGN_STYLE = Automatic;
				DEVELOPMENT_TEAM = SSWPD3GCN6;
				INFOPLIST_FILE = StudentAppTests/Info.plist;
				IPHONEOS_DEPLOYMENT_TARGET = 14.3;
				LD_RUNPATH_SEARCH_PATHS = (
					"$(inherited)",
					"@executable_path/Frameworks",
					"@loader_path/Frameworks",
				);
				PRODUCT_BUNDLE_IDENTIFIER = com.jonathanpangg.StudentAppTests;
				PRODUCT_NAME = "$(TARGET_NAME)";
				SWIFT_VERSION = 5.0;
				TARGETED_DEVICE_FAMILY = "1,2";
				TEST_HOST = "$(BUILT_PRODUCTS_DIR)/StudentApp.app/StudentApp";
			};
			name = Release;
		};
		93D381E725B8EA3100BA98AC /* Debug */ = {
			isa = XCBuildConfiguration;
			buildSettings = {
				ALWAYS_EMBED_SWIFT_STANDARD_LIBRARIES = YES;
				CODE_SIGN_STYLE = Automatic;
				DEVELOPMENT_TEAM = SSWPD3GCN6;
				INFOPLIST_FILE = StudentAppUITests/Info.plist;
				LD_RUNPATH_SEARCH_PATHS = (
					"$(inherited)",
					"@executable_path/Frameworks",
					"@loader_path/Frameworks",
				);
				PRODUCT_BUNDLE_IDENTIFIER = com.jonathanpangg.StudentAppUITests;
				PRODUCT_NAME = "$(TARGET_NAME)";
				SWIFT_VERSION = 5.0;
				TARGETED_DEVICE_FAMILY = "1,2";
				TEST_TARGET_NAME = StudentApp;
			};
			name = Debug;
		};
		93D381E825B8EA3100BA98AC /* Release */ = {
			isa = XCBuildConfiguration;
			buildSettings = {
				ALWAYS_EMBED_SWIFT_STANDARD_LIBRARIES = YES;
				CODE_SIGN_STYLE = Automatic;
				DEVELOPMENT_TEAM = SSWPD3GCN6;
				INFOPLIST_FILE = StudentAppUITests/Info.plist;
				LD_RUNPATH_SEARCH_PATHS = (
					"$(inherited)",
					"@executable_path/Frameworks",
					"@loader_path/Frameworks",
				);
				PRODUCT_BUNDLE_IDENTIFIER = com.jonathanpangg.StudentAppUITests;
				PRODUCT_NAME = "$(TARGET_NAME)";
				SWIFT_VERSION = 5.0;
				TARGETED_DEVICE_FAMILY = "1,2";
				TEST_TARGET_NAME = StudentApp;
			};
			name = Release;
		};
/* End XCBuildConfiguration section */

/* Begin XCConfigurationList section */
		93D381AE25B8EA3000BA98AC /* Build configuration list for PBXProject "StudentApp" */ = {
			isa = XCConfigurationList;
			buildConfigurations = (
				93D381DE25B8EA3100BA98AC /* Debug */,
				93D381DF25B8EA3100BA98AC /* Release */,
			);
			defaultConfigurationIsVisible = 0;
			defaultConfigurationName = Release;
		};
		93D381E025B8EA3100BA98AC /* Build configuration list for PBXNativeTarget "StudentApp" */ = {
			isa = XCConfigurationList;
			buildConfigurations = (
				93D381E125B8EA3100BA98AC /* Debug */,
				93D381E225B8EA3100BA98AC /* Release */,
			);
			defaultConfigurationIsVisible = 0;
			defaultConfigurationName = Release;
		};
		93D381E325B8EA3100BA98AC /* Build configuration list for PBXNativeTarget "StudentAppTests" */ = {
			isa = XCConfigurationList;
			buildConfigurations = (
				93D381E425B8EA3100BA98AC /* Debug */,
				93D381E525B8EA3100BA98AC /* Release */,
			);
			defaultConfigurationIsVisible = 0;
			defaultConfigurationName = Release;
		};
		93D381E625B8EA3100BA98AC /* Build configuration list for PBXNativeTarget "StudentAppUITests" */ = {
			isa = XCConfigurationList;
			buildConfigurations = (
				93D381E725B8EA3100BA98AC /* Debug */,
				93D381E825B8EA3100BA98AC /* Release */,
			);
			defaultConfigurationIsVisible = 0;
			defaultConfigurationName = Release;
		};
/* End XCConfigurationList section */

/* Begin XCVersionGroup section */
		93D381BC25B8EA3000BA98AC /* StudentApp.xcdatamodeld */ = {
			isa = XCVersionGroup;
			children = (
				93D381BD25B8EA3000BA98AC /* StudentApp.xcdatamodel */,
			);
			currentVersion = 93D381BD25B8EA3000BA98AC /* StudentApp.xcdatamodel */;
			path = StudentApp.xcdatamodeld;
			sourceTree = "<group>";
			versionGroupType = wrapper.xcdatamodel;
		};
/* End XCVersionGroup section */
	};
	rootObject = 93D381AB25B8EA3000BA98AC /* Project object */;
}
